<?xml version="1.0" encoding="utf-8"?>
<Project ToolsVersion="4.0" xmlns="http://schemas.microsoft.com/developer/msbuild/2003">
  <ItemGroup>
    <Filter Include="ソース ファイル">
      <UniqueIdentifier>{4FC737F1-C7A5-4376-A066-2A32D752A2FF}</UniqueIdentifier>
      <Extensions>cpp;c;cc;cxx;c++;cppm;ixx;def;odl;idl;hpj;bat;asm;asmx</Extensions>
    </Filter>
    <Filter Include="ヘッダー ファイル">
      <UniqueIdentifier>{93995380-89BD-4b04-88EB-625FBE52EBFB}</UniqueIdentifier>
      <Extensions>h;hh;hpp;hxx;h++;hm;inl;inc;ipp;xsd</Extensions>
    </Filter>
    <Filter Include="リソース ファイル">
      <UniqueIdentifier>{67DA6AB6-F800-4c08-8B7A-83BB121AAD01}</UniqueIdentifier>
      <Extensions>rc;ico;cur;bmp;dlg;rc2;rct;bin;rgs;gif;jpg;jpeg;jpe;resx;tiff;tif;png;wav;mfcribbon-ms</Extensions>
    </Filter>
    <Filter Include="ヘッダー ファイル\Math">
      <UniqueIdentifier>{2617d829-8a0f-4cec-a511-86e674b789ea}</UniqueIdentifier>
    </Filter>
    <Filter Include="ソース ファイル\Math">
      <UniqueIdentifier>{3a7ae18d-26e8-4711-b576-656d1ccaeb45}</UniqueIdentifier>
    </Filter>
    <Filter Include="Shader">
      <UniqueIdentifier>{a42b1293-6c42-4c4d-a549-df4694c45d18}</UniqueIdentifier>
    </Filter>
    <Filter Include="ソース ファイル\Scene">
      <UniqueIdentifier>{1bc77cbc-d307-401e-a309-bf985b162e2f}</UniqueIdentifier>
    </Filter>
    <Filter Include="ヘッダー ファイル\Scene">
      <UniqueIdentifier>{47535072-b4bb-4b33-97e5-1014013af28e}</UniqueIdentifier>
    </Filter>
    <Filter Include="ヘッダー ファイル\SpriteRenderers">
      <UniqueIdentifier>{702b6f3f-6f84-4ca5-a31a-6ed22fe7b8fd}</UniqueIdentifier>
    </Filter>
    <Filter Include="ソース ファイル\SpriteRenderers">
      <UniqueIdentifier>{5ec9ca6a-21f5-47fd-9a18-33bc7af704c0}</UniqueIdentifier>
    </Filter>
    <Filter Include="ソース ファイル\RHI">
      <UniqueIdentifier>{9c7e0601-4a6b-46cb-849d-9d03db8a574e}</UniqueIdentifier>
    </Filter>
    <Filter Include="ヘッダー ファイル\RHI">
      <UniqueIdentifier>{5fc51242-5333-4c11-be49-08a2621ff954}</UniqueIdentifier>
    </Filter>
    <Filter Include="ソース ファイル\System">
      <UniqueIdentifier>{f8d34a53-461b-4475-88a5-34dd343dfb04}</UniqueIdentifier>
    </Filter>
    <Filter Include="ソース ファイル\Editor">
      <UniqueIdentifier>{4713013f-b449-439e-8dea-9180c3556dff}</UniqueIdentifier>
    </Filter>
    <Filter Include="ヘッダー ファイル\Editor">
      <UniqueIdentifier>{a0971819-026c-4240-a5ed-b39099c43b80}</UniqueIdentifier>
    </Filter>
    <Filter Include="ヘッダー ファイル\Renderer">
      <UniqueIdentifier>{4aa9be38-81b1-4ddb-b0ad-2ec57a9620e3}</UniqueIdentifier>
    </Filter>
    <Filter Include="ヘッダー ファイル\System">
      <UniqueIdentifier>{0979fdf5-4dd8-4dba-b668-75e476545d8f}</UniqueIdentifier>
    </Filter>
    <Filter Include="ソース ファイル\Renderer">
      <UniqueIdentifier>{a3cc81dc-922d-4e68-8503-676bc9b4670a}</UniqueIdentifier>
    </Filter>
  </ItemGroup>
  <ItemGroup>
    <ClInclude Include="AppRuntime.h">
      <Filter>ヘッダー ファイル</Filter>
    </ClInclude>
    <ClInclude Include="FrameLoop.h">
      <Filter>ヘッダー ファイル</Filter>
    </ClInclude>
    <ClInclude Include="framework.h">
      <Filter>ヘッダー ファイル</Filter>
    </ClInclude>
    <ClInclude Include="pch.h">
      <Filter>ヘッダー ファイル</Filter>
    </ClInclude>
    <ClInclude Include="Math\MathUtil.h">
      <Filter>ヘッダー ファイル\Math</Filter>
    </ClInclude>
    <ClInclude Include="Scene\SceneBase.h">
      <Filter>ヘッダー ファイル\Scene</Filter>
    </ClInclude>
    <ClInclude Include="Scene\SceneManager.h">
      <Filter>ヘッダー ファイル\Scene</Filter>
    </ClInclude>
    <ClInclude Include="Scene\SceneGame.h">
      <Filter>ヘッダー ファイル\Scene</Filter>
    </ClInclude>
    <ClInclude Include="Application.h">
      <Filter>ヘッダー ファイル</Filter>
    </ClInclude>
    <ClInclude Include="resource.h">
      <Filter>ヘッダー ファイル</Filter>
    </ClInclude>
    <ClInclude Include="WinHandleRAII.h">
      <Filter>ヘッダー ファイル</Filter>
    </ClInclude>
    <ClInclude Include="SpriteRenderers\Dx12SpriteRendererBackend.h">
      <Filter>ヘッダー ファイル\SpriteRenderers</Filter>
    </ClInclude>
    <ClInclude Include="SpriteRenderers\SpriteRendererBackendFactory.h">
      <Filter>ヘッダー ファイル\SpriteRenderers</Filter>
    </ClInclude>
    <ClInclude Include="SpriteRenderers\ISpriteRendererBackend.h">
      <Filter>ヘッダー ファイル\SpriteRenderers</Filter>
    </ClInclude>
    <ClInclude Include="SpriteRenderers\NdcSpriteRendererBackendBase.h">
      <Filter>ヘッダー ファイル\SpriteRenderers</Filter>
    </ClInclude>
    <ClInclude Include="SpriteRenderers\OpenGlSpriteRendererBackend.h">
      <Filter>ヘッダー ファイル\SpriteRenderers</Filter>
    </ClInclude>
    <ClInclude Include="SpriteRenderers\VulkanSpriteRendererBackend.h">
      <Filter>ヘッダー ファイル\SpriteRenderers</Filter>
    </ClInclude>
    <ClInclude Include="RHI\RHITexture.h">
      <Filter>ヘッダー ファイル\RHI</Filter>
    </ClInclude>
    <ClInclude Include="Editor\EditorUi.h">
      <Filter>ヘッダー ファイル\Editor</Filter>
    </ClInclude>
    <ClInclude Include="Renderer\Dx12RenderDevice.h">
      <Filter>ヘッダー ファイル\Renderer</Filter>
    </ClInclude>
    <ClInclude Include="Renderer\IRenderDevice.h">
      <Filter>ヘッダー ファイル\Renderer</Filter>
    </ClInclude>
    <ClInclude Include="RHI\DX12Texture.h">
      <Filter>ヘッダー ファイル\RHI</Filter>
    </ClInclude>
    <ClInclude Include="Renderer\RenderDeviceFactory.h">
      <Filter>ヘッダー ファイル\Renderer</Filter>
    </ClInclude>
    <ClInclude Include="Renderer\RendererBackend.h">
      <Filter>ヘッダー ファイル\Renderer</Filter>
    </ClInclude>
    <ClInclude Include="Renderer\OpenGLRenderDevice.h">
      <Filter>ヘッダー ファイル\Renderer</Filter>
    </ClInclude>
    <ClInclude Include="System\GraphicsDevice.h">
      <Filter>ヘッダー ファイル\System</Filter>
    </ClInclude>
    <ClInclude Include="Editor\PlayInEditor.h">
      <Filter>ヘッダー ファイル\Editor</Filter>
    </ClInclude>
    <ClInclude Include="Editor\PieAutoPublish.h">
      <Filter>ヘッダー ファイル\Editor</Filter>
    </ClInclude>
    <ClInclude Include="Editor\PieLoader.h">
      <Filter>ヘッダー ファイル\Editor</Filter>
    </ClInclude>
    <ClInclude Include="Renderer\SpriteRenderObject.h">
      <Filter>ヘッダー ファイル\Renderer</Filter>
    </ClInclude>
    <ClInclude Include="RHI\DescriptorHeapManager.h">
      <Filter>ヘッダー ファイル\RHI</Filter>
    </ClInclude>
    <ClInclude Include="RHI\OpenGLLoader.h">
      <Filter>ヘッダー ファイル\RHI</Filter>
    </ClInclude>
    <ClInclude Include="RHI\OpenGLShaderCompiler.h">
      <Filter>ヘッダー ファイル\RHI</Filter>
    </ClInclude>
    <ClInclude Include="RHI\ShaderCompiler.h">
      <Filter>ヘッダー ファイル\RHI</Filter>
    </ClInclude>
    <ClInclude Include="RHI\ShaderCompilerBase.h">
      <Filter>ヘッダー ファイル\RHI</Filter>
    </ClInclude>
    <ClInclude Include="Renderer\QuadRenderObject.h">
      <Filter>ヘッダー ファイル\Renderer</Filter>
    </ClInclude>
    <ClInclude Include="Renderer\VulkanRenderDevice.h">
      <Filter>ヘッダー ファイル\Renderer</Filter>
    </ClInclude>
    <ClInclude Include="Renderer\Material.h">
      <Filter>ヘッダー ファイル\Renderer</Filter>
    </ClInclude>
    <ClInclude Include="Renderer\PipelineLibrary.h">
      <Filter>ヘッダー ファイル\Renderer</Filter>
    </ClInclude>
    <ClInclude Include="RHI\TextureManager.h">
      <Filter>ヘッダー ファイル\RHI</Filter>
    </ClInclude>
    <ClInclude Include="RHI\TextureAssetManager.h">
      <Filter>ヘッダー ファイル</Filter>
    </ClInclude>
    <ClInclude Include="Renderer\ShaderCache.h">
      <Filter>ヘッダー ファイル\Renderer</Filter>
    </ClInclude>
  </ItemGroup>
  <ItemGroup>
    <ClCompile Include="AppRuntime.cpp">
      <Filter>ソース ファイル</Filter>
    </ClCompile>
    <ClCompile Include="dllmain.cpp">
      <Filter>ソース ファイル</Filter>
    </ClCompile>
    <ClCompile Include="pch.cpp">
      <Filter>ソース ファイル</Filter>
    </ClCompile>
    <ClCompile Include="Math\MathUtil.cpp">
      <Filter>ソース ファイル\Math</Filter>
    </ClCompile>
    <ClCompile Include="Scene\SceneBase.cpp">
      <Filter>ソース ファイル\Scene</Filter>
    </ClCompile>
    <ClCompile Include="Scene\SceneManager.cpp">
      <Filter>ソース ファイル\Scene</Filter>
    </ClCompile>
    <ClCompile Include="Scene\SceneGame.cpp">
      <Filter>ソース ファイル\Scene</Filter>
    </ClCompile>
    <ClCompile Include="Application.cpp">
      <Filter>ソース ファイル</Filter>
    </ClCompile>
    <ClCompile Include="FrameLoop.cpp">
      <Filter>ソース ファイル</Filter>
    </ClCompile>
    <ClCompile Include="WindowHost.cpp">
      <Filter>ソース ファイル</Filter>
    </ClCompile>
    <ClCompile Include="SpriteRenderers\Dx12SpriteRendererBackend.cpp">
      <Filter>ソース ファイル\SpriteRenderers</Filter>
    </ClCompile>
    <ClCompile Include="SpriteRenderers\SpriteRendererBackendFactory.cpp">
      <Filter>ソース ファイル\SpriteRenderers</Filter>
    </ClCompile>
    <ClCompile Include="SpriteRenderers\OpenGlSpriteRendererBackend.cpp">
      <Filter>ソース ファイル\SpriteRenderers</Filter>
    </ClCompile>
    <ClCompile Include="SpriteRenderers\VulkanSpriteRendererBackend.cpp">
      <Filter>ソース ファイル\SpriteRenderers</Filter>
    </ClCompile>
    <ClCompile Include="RHI\RHITexture.cpp">
      <Filter>ソース ファイル\RHI</Filter>
    </ClCompile>
    <ClCompile Include="Editor\EditorUi.cpp">
      <Filter>ソース ファイル\Editor</Filter>
    </ClCompile>
    <ClCompile Include="Editor\imgui_draw.cpp">
      <Filter>ソース ファイル\Editor</Filter>
    </ClCompile>
    <ClCompile Include="Editor\imgui_impl_dx12.cpp">
      <Filter>ソース ファイル\Editor</Filter>
    </ClCompile>
    <ClCompile Include="Editor\imgui_impl_opengl2.cpp">
      <Filter>ソース ファイル\Editor</Filter>
    </ClCompile>
    <ClCompile Include="Editor\imgui_impl_vulkan.cpp">
      <Filter>ソース ファイル\Editor</Filter>
    </ClCompile>
    <ClCompile Include="Editor\imgui_impl_win32.cpp">
      <Filter>ソース ファイル\Editor</Filter>
    </ClCompile>
    <ClCompile Include="RHI\DescriptorHeapManager.cpp">
      <Filter>ソース ファイル\RHI</Filter>
    </ClCompile>
    <ClCompile Include="Renderer\Dx12RenderDevice.cpp">
      <Filter>ソース ファイル\Renderer</Filter>
    </ClCompile>
    <ClCompile Include="RHI\DX12Texture.cpp">
      <Filter>ソース ファイル\RHI</Filter>
    </ClCompile>
    <ClCompile Include="Renderer\SpriteRenderObject.cpp">
      <Filter>ソース ファイル\Renderer</Filter>
    </ClCompile>
    <ClCompile Include="RHI\OpenGLLoader.cpp">
      <Filter>ソース ファイル\RHI</Filter>
    </ClCompile>
    <ClCompile Include="RHI\OpenGLRenderDevice.cpp">
      <Filter>ソース ファイル\RHI</Filter>
    </ClCompile>
    <ClCompile Include="RHI\OpenGLShaderCompiler.cpp">
      <Filter>ソース ファイル\RHI</Filter>
    </ClCompile>
    <ClCompile Include="RHI\ShaderCompiler.cpp">
      <Filter>ソース ファイル\RHI</Filter>
    </ClCompile>
    <ClCompile Include="RHI\ShaderCompilerBase.cpp">
      <Filter>ソース ファイル\RHI</Filter>
    </ClCompile>
    <ClCompile Include="System\GraphicsDevice.cpp">
      <Filter>ソース ファイル\System</Filter>
    </ClCompile>
    <ClCompile Include="Editor\PieAutoPublish.cpp">
      <Filter>ソース ファイル\Editor</Filter>
    </ClCompile>
    <ClCompile Include="Editor\PieLoader.cpp">
      <Filter>ソース ファイル\Editor</Filter>
    </ClCompile>
    <ClCompile Include="Renderer\Material.cpp">
      <Filter>ソース ファイル\Renderer</Filter>
    </ClCompile>
    <ClCompile Include="Renderer\QuadRenderObject.cpp">
      <Filter>ソース ファイル\Renderer</Filter>
    </ClCompile>
    <ClCompile Include="Renderer\RenderDeviceFactory.cpp">
      <Filter>ソース ファイル\Renderer</Filter>
    </ClCompile>
    <ClCompile Include="Renderer\VulkanRenderDevice.cpp">
      <Filter>ソース ファイル\Renderer</Filter>
    </ClCompile>
    <ClCompile Include="Renderer\RendererBackend.cpp">
      <Filter>ソース ファイル\Renderer</Filter>
    </ClCompile>
    <ClCompile Include="Editor\PlayInEditor.cpp">
      <Filter>ソース ファイル\Editor</Filter>
    </ClCompile>
    <ClCompile Include="Renderer\PipelineLibrary.cpp">
      <Filter>ソース ファイル\Renderer</Filter>
    </ClCompile>
    <ClCompile Include="System\imgui.cpp">
      <Filter>ソース ファイル\System</Filter>
    </ClCompile>
    <ClCompile Include="System\imgui_tables.cpp">
      <Filter>ソース ファイル\System</Filter>
    </ClCompile>
    <ClCompile Include="System\imgui_widgets.cpp">
      <Filter>ソース ファイル\System</Filter>
    </ClCompile>
    <ClCompile Include="ThirdParty\glad\src\glad.c">
      <Filter>ソース ファイル</Filter>
    </ClCompile>
    <ClCompile Include="RHI\TextureManager.cpp">
      <Filter>ソース ファイル\RHI</Filter>
    </ClCompile>
    <ClCompile Include="RHI\TextureAssetManager.cpp">
      <Filter>ソース ファイル</Filter>
    </ClCompile>
    <ClCompile Include="Renderer\ShaderCache.cpp">
      <Filter>ソース ファイル\Renderer</Filter>
    </ClCompile>
  </ItemGroup>
  <ItemGroup>
    <FxCompile Include="Shader\BasicPixelShader.hlsl">
      <Filter>Shader</Filter>
    </FxCompile>
    <FxCompile Include="Shader\BasicVertexShader.hlsl">
      <Filter>Shader</Filter>
    </FxCompile>
  </ItemGroup>
  <ItemGroup>
    <ResourceCompile Include="ApplicationDLL.rc">
      <Filter>リソース ファイル</Filter>
    </ResourceCompile>
  </ItemGroup>
  <ItemGroup>
    <None Include="Shader\BasicShaderHeader.hlsli">
      <Filter>Shader</Filter>
    </None>
  </ItemGroup>
</Project>